
Microsoft Visual Studio Solution File, Format Version 12.00
# Visual Studio Version 17
VisualStudioVersion = 17.10.35013.160
MinimumVisualStudioVersion = 10.0.40219.1
Project("{9A19103F-16F7-4668-BE54-9A1E7A4F7556}") = "MindboxTask", "MindboxTask\MindboxTask.csproj", "{CA78293B-6856-4702-B7F7-0C4AE9193BD5}"
EndProject
Project("{FAE04EC0-301F-11D3-BF4B-00C04F79EFBC}") = "MindboxTaskTest", "MindboxTaskTest\MindboxTaskTest.csproj", "{9E996D93-60A4-4108-B906-9DE091981D17}"
EndProject
Global
	GlobalSection(SolutionConfigurationPlatforms) = preSolution
		Debug|Any CPU = Debug|Any CPU
		Release|Any CPU = Release|Any CPU
	EndGlobalSection
	GlobalSection(ProjectConfigurationPlatforms) = postSolution
		{CA78293B-6856-4702-B7F7-0C4AE9193BD5}.Debug|Any CPU.ActiveCfg = Debug|Any CPU
		{CA78293B-6856-4702-B7F7-0C4AE9193BD5}.Debug|Any CPU.Build.0 = Debug|Any CPU
		{CA78293B-6856-4702-B7F7-0C4AE9193BD5}.Release|Any CPU.ActiveCfg = Release|Any CPU
		{CA78293B-6856-4702-B7F7-0C4AE9193BD5}.Release|Any CPU.Build.0 = Release|Any CPU
		{9E996D93-60A4-4108-B906-9DE091981D17}.Debug|Any CPU.ActiveCfg = Debug|Any CPU
		{9E996D93-60A4-4108-B906-9DE091981D17}.Debug|Any CPU.Build.0 = Debug|Any CPU
		{9E996D93-60A4-4108-B906-9DE091981D17}.Release|Any CPU.ActiveCfg = Release|Any CPU
		{9E996D93-60A4-4108-B906-9DE091981D17}.Release|Any CPU.Build.0 = Release|Any CPU
	EndGlobalSection
	GlobalSection(SolutionProperties) = preSolution
		HideSolutionNode = FALSE
	EndGlobalSection
	GlobalSection(ExtensibilityGlobals) = postSolution
		SolutionGuid = {DE7D6D07-0965-49FB-AAF2-15E2BF0BC5CA}
	EndGlobalSection
EndGlobal
